// !$*UTF8*$!
{
	archiveVersion = 1;
	classes = {
	};
	objectVersion = 56;
	objects = {

/* Begin PBXBuildFile section */
		A10001 /* HolyRosaryApp.swift in Sources */ = {isa = PBXBuildFile; fileRef = A20001; };
		A10002 /* HomeView.swift in Sources */ = {isa = PBXBuildFile; fileRef = A20002; };
		A10003 /* RosaryView.swift in Sources */ = {isa = PBXBuildFile; fileRef = A20003; };
		A10004 /* BeadProgressView.swift in Sources */ = {isa = PBXBuildFile; fileRef = A20004; };
		A10005 /* Prayers.swift in Sources */ = {isa = PBXBuildFile; fileRef = A20005; };
		A10006 /* Mystery.swift in Sources */ = {isa = PBXBuildFile; fileRef = A20006; };
		A10007 /* RosaryState.swift in Sources */ = {isa = PBXBuildFile; fileRef = A20007; };
		A10008 /* RosaryTracker.swift in Sources */ = {isa = PBXBuildFile; fileRef = A20008; };
		A1000B /* Theme.swift in Sources */ = {isa = PBXBuildFile; fileRef = A2000B; };
		A1000C /* NovenaListView.swift in Sources */ = {isa = PBXBuildFile; fileRef = A2000C; };
		A1000D /* Novena.swift in Sources */ = {isa = PBXBuildFile; fileRef = A2000D; };
		A1000E /* NovenaLibrary.swift in Sources */ = {isa = PBXBuildFile; fileRef = A2000E; };
		A1000F /* NovenaTracker.swift in Sources */ = {isa = PBXBuildFile; fileRef = A2000F; };
		A10009 /* Assets.xcassets in Resources */ = {isa = PBXBuildFile; fileRef = A20009; };
		A1000A /* Preview Assets.xcassets in Resources */ = {isa = PBXBuildFile; fileRef = A2000A; };
		A10010 /* LaunchScreen.storyboard in Resources */ = {isa = PBXBuildFile; fileRef = A20010; };
/* End PBXBuildFile section */

/* Begin PBXFileReference section */
		A20001 /* HolyRosaryApp.swift */ = {isa = PBXFileReference; lastKnownFileType = sourcecode.swift; path = HolyRosaryApp.swift; sourceTree = "<group>"; };
		A20002 /* HomeView.swift */ = {isa = PBXFileReference; lastKnownFileType = sourcecode.swift; path = HomeView.swift; sourceTree = "<group>"; };
		A20003 /* RosaryView.swift */ = {isa = PBXFileReference; lastKnownFileType = sourcecode.swift; path = RosaryView.swift; sourceTree = "<group>"; };
		A20004 /* BeadProgressView.swift */ = {isa = PBXFileReference; lastKnownFileType = sourcecode.swift; path = BeadProgressView.swift; sourceTree = "<group>"; };
		A20005 /* Prayers.swift */ = {isa = PBXFileReference; lastKnownFileType = sourcecode.swift; path = Prayers.swift; sourceTree = "<group>"; };
		A20006 /* Mystery.swift */ = {isa = PBXFileReference; lastKnownFileType = sourcecode.swift; path = Mystery.swift; sourceTree = "<group>"; };
		A20007 /* RosaryState.swift */ = {isa = PBXFileReference; lastKnownFileType = sourcecode.swift; path = RosaryState.swift; sourceTree = "<group>"; };
		A20008 /* RosaryTracker.swift */ = {isa = PBXFileReference; lastKnownFileType = sourcecode.swift; path = RosaryTracker.swift; sourceTree = "<group>"; };
		A20009 /* Assets.xcassets */ = {isa = PBXFileReference; lastKnownFileType = folder.assetcatalog; path = Assets.xcassets; sourceTree = "<group>"; };
		A2000A /* Preview Assets.xcassets */ = {isa = PBXFileReference; lastKnownFileType = folder.assetcatalog; path = "Preview Assets.xcassets"; sourceTree = "<group>"; };
		A2000B /* Theme.swift */ = {isa = PBXFileReference; lastKnownFileType = sourcecode.swift; path = Theme.swift; sourceTree = "<group>"; };
		A2000C /* NovenaListView.swift */ = {isa = PBXFileReference; lastKnownFileType = sourcecode.swift; path = NovenaListView.swift; sourceTree = "<group>"; };
		A2000D /* Novena.swift */ = {isa = PBXFileReference; lastKnownFileType = sourcecode.swift; path = Novena.swift; sourceTree = "<group>"; };
		A2000E /* NovenaLibrary.swift */ = {isa = PBXFileReference; lastKnownFileType = sourcecode.swift; path = NovenaLibrary.swift; sourceTree = "<group>"; };
		A2000F /* NovenaTracker.swift */ = {isa = PBXFileReference; lastKnownFileType = sourcecode.swift; path = NovenaTracker.swift; sourceTree = "<group>"; };
		A20010 /* LaunchScreen.storyboard */ = {isa = PBXFileReference; lastKnownFileType = file.storyboard; path = LaunchScreen.storyboard; sourceTree = "<group>"; };
		A30000 /* HolyRosary.app */ = {isa = PBXFileReference; explicitFileType = wrapper.application; includeInIndex = 0; path = HolyRosary.app; sourceTree = BUILT_PRODUCTS_DIR; };
/* End PBXFileReference section */

/* Begin PBXFrameworksBuildPhase section */
		A40000 /* Frameworks */ = {
			isa = PBXFrameworksBuildPhase;
			buildActionMask = 2147483647;
			files = (
			);
			runOnlyForDeploymentPostprocessing = 0;
		};
/* End PBXFrameworksBuildPhase section */

/* Begin PBXGroup section */
		A50000 = {
			isa = PBXGroup;
			children = (
				A50001 /* HolyRosary */,
				A50004 /* Products */,
			);
			sourceTree = "<group>";
		};
		A50001 /* HolyRosary */ = {
			isa = PBXGroup;
			children = (
				A20001 /* HolyRosaryApp.swift */,
				A2000B /* Theme.swift */,
				A50002 /* Models */,
				A50003 /* Views */,
				A20009 /* Assets.xcassets */,
				A20010 /* LaunchScreen.storyboard */,
				A50005 /* Preview Content */,
			);
			path = HolyRosary;
			sourceTree = "<group>";
		};
		A50002 /* Models */ = {
			isa = PBXGroup;
			children = (
				A20005 /* Prayers.swift */,
				A20006 /* Mystery.swift */,
				A20007 /* RosaryState.swift */,
				A20008 /* RosaryTracker.swift */,
				A2000D /* Novena.swift */,
				A2000E /* NovenaLibrary.swift */,
				A2000F /* NovenaTracker.swift */,
			);
			path = Models;
			sourceTree = "<group>";
		};
		A50003 /* Views */ = {
			isa = PBXGroup;
			children = (
				A20002 /* HomeView.swift */,
				A20003 /* RosaryView.swift */,
				A20004 /* BeadProgressView.swift */,
				A2000C /* NovenaListView.swift */,
			);
			path = Views;
			sourceTree = "<group>";
		};
		A50004 /* Products */ = {
			isa = PBXGroup;
			children = (
				A30000 /* HolyRosary.app */,
			);
			name = Products;
			sourceTree = "<group>";
		};
		A50005 /* Preview Content */ = {
			isa = PBXGroup;
			children = (
				A2000A /* Preview Assets.xcassets */,
			);
			path = "Preview Content";
			sourceTree = "<group>";
		};
/* End PBXGroup section */

/* Begin PBXNativeTarget section */
		A60000 /* HolyRosary */ = {
			isa = PBXNativeTarget;
			buildConfigurationList = A80001 /* Build configuration list for PBXNativeTarget "HolyRosary" */;
			buildPhases = (
				A70000 /* Sources */,
				A40000 /* Frameworks */,
				A70001 /* Resources */,
			);
			buildRules = (
			);
			dependencies = (
			);
			name = HolyRosary;
			productName = HolyRosary;
			productReference = A30000 /* HolyRosary.app */;
			productType = "com.apple.product-type.application";
		};
/* End PBXNativeTarget section */

/* Begin PBXProject section */
		A00000 /* Project object */ = {
			isa = PBXProject;
			attributes = {
				BuildIndependentTargetsInParallel = 1;
				LastSwiftUpdateCheck = 1500;
				LastUpgradeCheck = 1500;
				TargetAttributes = {
					A60000 = {
						CreatedOnToolsVersion = 15.0;
					};
				};
			};
			buildConfigurationList = A80000 /* Build configuration list for PBXProject "HolyRosary" */;
			compatibilityVersion = "Xcode 14.0";
			developmentRegion = en;
			hasScannedForEncodings = 0;
			knownRegions = (
				en,
				Base,
			);
			mainGroup = A50000;
			productRefGroup = A50004 /* Products */;
			projectDirPath = "";
			projectRoot = "";
			targets = (
				A60000 /* HolyRosary */,
			);
		};
/* End PBXProject section */

/* Begin PBXResourcesBuildPhase section */
		A70001 /* Resources */ = {
			isa = PBXResourcesBuildPhase;
			buildActionMask = 2147483647;
			files = (
				A1000A /* Preview Assets.xcassets in Resources */,
				A10009 /* Assets.xcassets in Resources */,
				A10010 /* LaunchScreen.storyboard in Resources */,
			);
			runOnlyForDeploymentPostprocessing = 0;
		};
/* End PBXResourcesBuildPhase section */

/* Begin PBXSourcesBuildPhase section */
		A70000 /* Sources */ = {
			isa = PBXSourcesBuildPhase;
			buildActionMask = 2147483647;
			files = (
				A10001 /* HolyRosaryApp.swift in Sources */,
				A10002 /* HomeView.swift in Sources */,
				A10003 /* RosaryView.swift in Sources */,
				A10004 /* BeadProgressView.swift in Sources */,
				A10005 /* Prayers.swift in Sources */,
				A10006 /* Mystery.swift in Sources */,
				A10007 /* RosaryState.swift in Sources */,
				A10008 /* RosaryTracker.swift in Sources */,
				A1000B /* Theme.swift in Sources */,
				A1000C /* NovenaListView.swift in Sources */,
				A1000D /* Novena.swift in Sources */,
				A1000E /* NovenaLibrary.swift in Sources */,
				A1000F /* NovenaTracker.swift in Sources */,
			);
			runOnlyForDeploymentPostprocessing = 0;
		};
/* End PBXSourcesBuildPhase section */

/* Begin XCBuildConfiguration section */
		A90000 /* Debug */ = {
			isa = XCBuildConfiguration;
			buildSettings = {
				ALWAYS_SEARCH_USER_PATHS = NO;
				ASSETCATALOG_COMPILER_GENERATE_SWIFT_ASSET_SYMBOL_EXTENSIONS = YES;
				CLANG_ANALYZER_NONNULL = YES;
				CLANG_CXX_LANGUAGE_STANDARD = "gnu++20";
				CLANG_ENABLE_MODULES = YES;
				CLANG_ENABLE_OBJC_ARC = YES;
				COPY_PHASE_STRIP = NO;
				DEBUG_INFORMATION_FORMAT = dwarf;
				ENABLE_STRICT_OBJC_MSGSEND = YES;
				ENABLE_TESTABILITY = YES;
				GCC_DYNAMIC_NO_PIC = NO;
				GCC_OPTIMIZATION_LEVEL = 0;
				GCC_PREPROCESSOR_DEFINITIONS = (
					"DEBUG=1",
					"$(inherited)",
				);
				GCC_WARN_ABOUT_RETURN_TYPE = YES_ERROR;
				GCC_WARN_UNINITIALIZED_AUTOS = YES_AGGRESSIVE;
				IPHONEOS_DEPLOYMENT_TARGET = 17.0;
				MTL_ENABLE_DEBUG_INFO = INCLUDE_SOURCE;
				ONLY_ACTIVE_ARCH = YES;
				SDKROOT = iphoneos;
				SWIFT_ACTIVE_COMPILATION_CONDITIONS = "DEBUG $(inherited)";
				SWIFT_OPTIMIZATION_LEVEL = "-Onone";
			};
			name = Debug;
		};
		A90001 /* Release */ = {
			isa = XCBuildConfiguration;
			buildSettings = {
				ALWAYS_SEARCH_USER_PATHS = NO;
				ASSETCATALOG_COMPILER_GENERATE_SWIFT_ASSET_SYMBOL_EXTENSIONS = YES;
				CLANG_ANALYZER_NONNULL = YES;
				CLANG_CXX_LANGUAGE_STANDARD = "gnu++20";
				CLANG_ENABLE_MODULES = YES;
				CLANG_ENABLE_OBJC_ARC = YES;
				COPY_PHASE_STRIP = NO;
				DEBUG_INFORMATION_FORMAT = "dwarf-with-dsym";
				ENABLE_NS_ASSERTIONS = NO;
				ENABLE_STRICT_OBJC_MSGSEND = YES;
				GCC_WARN_ABOUT_RETURN_TYPE = YES_ERROR;
				GCC_WARN_UNINITIALIZED_AUTOS = YES_AGGRESSIVE;
				IPHONEOS_DEPLOYMENT_TARGET = 17.0;
				SDKROOT = iphoneos;
				SWIFT_COMPILATION_MODE = wholemodule;
				VALIDATE_PRODUCT = YES;
			};
			name = Release;
		};
		A90002 /* Debug */ = {
			isa = XCBuildConfiguration;
			buildSettings = {
				ASSETCATALOG_COMPILER_APPICON_NAME = AppIcon;
				CODE_SIGN_STYLE = Automatic;
				CURRENT_PROJECT_VERSION = 1;
				DEVELOPMENT_ASSET_PATHS = "\"HolyRosary/Preview Content\"";
				ENABLE_PREVIEWS = YES;
				GENERATE_INFOPLIST_FILE = YES;
				INFOPLIST_KEY_CFBundleDisplayName = "Holy Rosary";
				INFOPLIST_KEY_UIApplicationSceneManifest_Generation = YES;
				INFOPLIST_KEY_UIApplicationSupportsIndirectInputEvents = YES;
				INFOPLIST_KEY_UILaunchStoryboardName = LaunchScreen;
				INFOPLIST_KEY_UISupportedInterfaceOrientations_iPad = "UIInterfaceOrientationPortrait UIInterfaceOrientationPortraitUpsideDown UIInterfaceOrientationLandscapeLeft UIInterfaceOrientationLandscapeRight";
				INFOPLIST_KEY_UISupportedInterfaceOrientations_iPhone = "UIInterfaceOrientationPortrait";
				LD_RUNPATH_SEARCH_PATHS = (
					"$(inherited)",
					"@executable_path/Frameworks",
				);
				MARKETING_VERSION = 1.0;
				PRODUCT_BUNDLE_IDENTIFIER = com.holyrosary.app;
				PRODUCT_NAME = "$(TARGET_NAME)";
				SWIFT_EMIT_LOC_STRINGS = YES;
				SWIFT_VERSION = 5.0;
				TARGETED_DEVICE_FAMILY = "1,2";
			};
			name = Debug;
		};
		A90003 /* Release */ = {
			isa = XCBuildConfiguration;
			buildSettings = {
				ASSETCATALOG_COMPILER_APPICON_NAME = AppIcon;
				CODE_SIGN_STYLE = Automatic;
				CURRENT_PROJECT_VERSION = 1;
				DEVELOPMENT_ASSET_PATHS = "\"HolyRosary/Preview Content\"";
				ENABLE_PREVIEWS = YES;
				GENERATE_INFOPLIST_FILE = YES;
				INFOPLIST_KEY_CFBundleDisplayName = "Holy Rosary";
				INFOPLIST_KEY_UIApplicationSceneManifest_Generation = YES;
				INFOPLIST_KEY_UIApplicationSupportsIndirectInputEvents = YES;
				INFOPLIST_KEY_UILaunchStoryboardName = LaunchScreen;
				INFOPLIST_KEY_UISupportedInterfaceOrientations_iPad = "UIInterfaceOrientationPortrait UIInterfaceOrientationPortraitUpsideDown UIInterfaceOrientationLandscapeLeft UIInterfaceOrientationLandscapeRight";
				INFOPLIST_KEY_UISupportedInterfaceOrientations_iPhone = "UIInterfaceOrientationPortrait";
				LD_RUNPATH_SEARCH_PATHS = (
					"$(inherited)",
					"@executable_path/Frameworks",
				);
				MARKETING_VERSION = 1.0;
				PRODUCT_BUNDLE_IDENTIFIER = com.holyrosary.app;
				PRODUCT_NAME = "$(TARGET_NAME)";
				SWIFT_EMIT_LOC_STRINGS = YES;
				SWIFT_VERSION = 5.0;
				TARGETED_DEVICE_FAMILY = "1,2";
			};
			name = Release;
		};
/* End XCBuildConfiguration section */

/* Begin XCConfigurationList section */
		A80000 /* Build configuration list for PBXProject "HolyRosary" */ = {
			isa = XCConfigurationList;
			buildConfigurations = (
				A90000 /* Debug */,
				A90001 /* Release */,
			);
			defaultConfigurationIsVisible = 0;
			defaultConfigurationName = Release;
		};
		A80001 /* Build configuration list for PBXNativeTarget "HolyRosary" */ = {
			isa = XCConfigurationList;
			buildConfigurations = (
				A90002 /* Debug */,
				A90003 /* Release */,
			);
			defaultConfigurationIsVisible = 0;
			defaultConfigurationName = Release;
		};
/* End XCConfigurationList section */
	};
	rootObject = A00000 /* Project object */;
}
